PODS:
  - Masonry (1.1.0)
  - MVVMTableViewDemo (0.1.0):
    - Masonry

DEPENDENCIES:
  - MVVMTableViewDemo (from `../`)

SPEC REPOS:
  trunk:
    - Masonry

EXTERNAL SOURCES:
  MVVMTableViewDemo:
    :path: "../"

SPEC CHECKSUMS:
  Masonry: 678fab65091a9290e40e2832a55e7ab731aad201
  MVVMTableViewDemo: 1cc3d03cd07c64bf4a2399d371167fde61b3474c

PODFILE CHECKSUM: 5941294adf235a1b2ab1dd04e606ae29b2395c33

COCOAPODS: 1.11.2
